
Microsoft Visual Studio Solution File, Format Version 12.00
Project("{2150E333-8FDC-42A3-9474-1A3956D46DE8}") = "src", "src", "{827E0CD3-B72D-47B6-A68D-7590B98EB39B}"
EndProject
Project("{FAE04EC0-301F-11D3-BF4B-00C04F79EFBC}") = "Pw.Hub.Tracker.Worker", "src\Pw.Hub.Tracker.Worker\Pw.Hub.Tracker.Worker.csproj", "{F8015F68-2B30-41BA-A7AA-BEF7DB4C65E2}"
EndProject
Project("{FAE04EC0-301F-11D3-BF4B-00C04F79EFBC}") = "Pw.Hub.Tracker.Domain", "src\Pw.Hub.Tracker.Domain\Pw.Hub.Tracker.Domain.csproj", "{5270FE2D-7759-4744-B62A-1C70F3830B3E}"
EndProject
Project("{FAE04EC0-301F-11D3-BF4B-00C04F79EFBC}") = "Pw.Hub.Tracker.Infrastructure", "src\Pw.Hub.Tracker.Infrastructure\Pw.Hub.Tracker.Infrastructure.csproj", "{33D9E1A2-BBF6-48A1-A3BE-C19314B93899}"
EndProject
Project("{FAE04EC0-301F-11D3-BF4B-00C04F79EFBC}") = "Pw.Hub.Tracker.Api", "src\Pw.Hub.Tracker.Api\Pw.Hub.Tracker.Api.csproj", "{96F70C4F-CE71-4DA9-8A74-C4B983CFCE82}"
EndProject
Global
	GlobalSection(SolutionConfigurationPlatforms) = preSolution
		Debug|Any CPU = Debug|Any CPU
		Debug|x64 = Debug|x64
		Debug|x86 = Debug|x86
		Release|Any CPU = Release|Any CPU
		Release|x64 = Release|x64
		Release|x86 = Release|x86
	EndGlobalSection
	GlobalSection(ProjectConfigurationPlatforms) = postSolution
		{F8015F68-2B30-41BA-A7AA-BEF7DB4C65E2}.Debug|Any CPU.ActiveCfg = Debug|Any CPU
		{F8015F68-2B30-41BA-A7AA-BEF7DB4C65E2}.Debug|Any CPU.Build.0 = Debug|Any CPU
		{F8015F68-2B30-41BA-A7AA-BEF7DB4C65E2}.Debug|x64.ActiveCfg = Debug|Any CPU
		{F8015F68-2B30-41BA-A7AA-BEF7DB4C65E2}.Debug|x64.Build.0 = Debug|Any CPU
		{F8015F68-2B30-41BA-A7AA-BEF7DB4C65E2}.Debug|x86.ActiveCfg = Debug|Any CPU
		{F8015F68-2B30-41BA-A7AA-BEF7DB4C65E2}.Debug|x86.Build.0 = Debug|Any CPU
		{F8015F68-2B30-41BA-A7AA-BEF7DB4C65E2}.Release|Any CPU.ActiveCfg = Release|Any CPU
		{F8015F68-2B30-41BA-A7AA-BEF7DB4C65E2}.Release|Any CPU.Build.0 = Release|Any CPU
		{F8015F68-2B30-41BA-A7AA-BEF7DB4C65E2}.Release|x64.ActiveCfg = Release|Any CPU
		{F8015F68-2B30-41BA-A7AA-BEF7DB4C65E2}.Release|x64.Build.0 = Release|Any CPU
		{F8015F68-2B30-41BA-A7AA-BEF7DB4C65E2}.Release|x86.ActiveCfg = Release|Any CPU
		{F8015F68-2B30-41BA-A7AA-BEF7DB4C65E2}.Release|x86.Build.0 = Release|Any CPU
		{5270FE2D-7759-4744-B62A-1C70F3830B3E}.Debug|Any CPU.ActiveCfg = Debug|Any CPU
		{5270FE2D-7759-4744-B62A-1C70F3830B3E}.Debug|Any CPU.Build.0 = Debug|Any CPU
		{5270FE2D-7759-4744-B62A-1C70F3830B3E}.Debug|x64.ActiveCfg = Debug|Any CPU
		{5270FE2D-7759-4744-B62A-1C70F3830B3E}.Debug|x64.Build.0 = Debug|Any CPU
		{5270FE2D-7759-4744-B62A-1C70F3830B3E}.Debug|x86.ActiveCfg = Debug|Any CPU
		{5270FE2D-7759-4744-B62A-1C70F3830B3E}.Debug|x86.Build.0 = Debug|Any CPU
		{5270FE2D-7759-4744-B62A-1C70F3830B3E}.Release|Any CPU.ActiveCfg = Release|Any CPU
		{5270FE2D-7759-4744-B62A-1C70F3830B3E}.Release|Any CPU.Build.0 = Release|Any CPU
		{5270FE2D-7759-4744-B62A-1C70F3830B3E}.Release|x64.ActiveCfg = Release|Any CPU
		{5270FE2D-7759-4744-B62A-1C70F3830B3E}.Release|x64.Build.0 = Release|Any CPU
		{5270FE2D-7759-4744-B62A-1C70F3830B3E}.Release|x86.ActiveCfg = Release|Any CPU
		{5270FE2D-7759-4744-B62A-1C70F3830B3E}.Release|x86.Build.0 = Release|Any CPU
		{33D9E1A2-BBF6-48A1-A3BE-C19314B93899}.Debug|Any CPU.ActiveCfg = Debug|Any CPU
		{33D9E1A2-BBF6-48A1-A3BE-C19314B93899}.Debug|Any CPU.Build.0 = Debug|Any CPU
		{33D9E1A2-BBF6-48A1-A3BE-C19314B93899}.Debug|x64.ActiveCfg = Debug|Any CPU
		{33D9E1A2-BBF6-48A1-A3BE-C19314B93899}.Debug|x64.Build.0 = Debug|Any CPU
		{33D9E1A2-BBF6-48A1-A3BE-C19314B93899}.Debug|x86.ActiveCfg = Debug|Any CPU
		{33D9E1A2-BBF6-48A1-A3BE-C19314B93899}.Debug|x86.Build.0 = Debug|Any CPU
		{33D9E1A2-BBF6-48A1-A3BE-C19314B93899}.Release|Any CPU.ActiveCfg = Release|Any CPU
		{33D9E1A2-BBF6-48A1-A3BE-C19314B93899}.Release|Any CPU.Build.0 = Release|Any CPU
		{33D9E1A2-BBF6-48A1-A3BE-C19314B93899}.Release|x64.ActiveCfg = Release|Any CPU
		{33D9E1A2-BBF6-48A1-A3BE-C19314B93899}.Release|x64.Build.0 = Release|Any CPU
		{33D9E1A2-BBF6-48A1-A3BE-C19314B93899}.Release|x86.ActiveCfg = Release|Any CPU
		{33D9E1A2-BBF6-48A1-A3BE-C19314B93899}.Release|x86.Build.0 = Release|Any CPU
		{96F70C4F-CE71-4DA9-8A74-C4B983CFCE82}.Debug|Any CPU.ActiveCfg = Debug|Any CPU
		{96F70C4F-CE71-4DA9-8A74-C4B983CFCE82}.Debug|Any CPU.Build.0 = Debug|Any CPU
		{96F70C4F-CE71-4DA9-8A74-C4B983CFCE82}.Debug|x64.ActiveCfg = Debug|Any CPU
		{96F70C4F-CE71-4DA9-8A74-C4B983CFCE82}.Debug|x64.Build.0 = Debug|Any CPU
		{96F70C4F-CE71-4DA9-8A74-C4B983CFCE82}.Debug|x86.ActiveCfg = Debug|Any CPU
		{96F70C4F-CE71-4DA9-8A74-C4B983CFCE82}.Debug|x86.Build.0 = Debug|Any CPU
		{96F70C4F-CE71-4DA9-8A74-C4B983CFCE82}.Release|Any CPU.ActiveCfg = Release|Any CPU
		{96F70C4F-CE71-4DA9-8A74-C4B983CFCE82}.Release|Any CPU.Build.0 = Release|Any CPU
		{96F70C4F-CE71-4DA9-8A74-C4B983CFCE82}.Release|x64.ActiveCfg = Release|Any CPU
		{96F70C4F-CE71-4DA9-8A74-C4B983CFCE82}.Release|x64.Build.0 = Release|Any CPU
		{96F70C4F-CE71-4DA9-8A74-C4B983CFCE82}.Release|x86.ActiveCfg = Release|Any CPU
		{96F70C4F-CE71-4DA9-8A74-C4B983CFCE82}.Release|x86.Build.0 = Release|Any CPU
	EndGlobalSection
	GlobalSection(SolutionProperties) = preSolution
		HideSolutionNode = FALSE
	EndGlobalSection
	GlobalSection(NestedProjects) = preSolution
		{F8015F68-2B30-41BA-A7AA-BEF7DB4C65E2} = {827E0CD3-B72D-47B6-A68D-7590B98EB39B}
		{5270FE2D-7759-4744-B62A-1C70F3830B3E} = {827E0CD3-B72D-47B6-A68D-7590B98EB39B}
		{33D9E1A2-BBF6-48A1-A3BE-C19314B93899} = {827E0CD3-B72D-47B6-A68D-7590B98EB39B}
		{96F70C4F-CE71-4DA9-8A74-C4B983CFCE82} = {827E0CD3-B72D-47B6-A68D-7590B98EB39B}
	EndGlobalSection
EndGlobal
